// !$*UTF8*$!
{
	archiveVersion = 1;
	classes = {
	};
	objectVersion = 55;
	objects = {

/* Begin PBXBuildFile section */
		CE0D6D1C28C7328F00DBCAA2 /* ViewModel.swift in Sources */ = {isa = PBXBuildFile; fileRef = CE0D6D1B28C7328F00DBCAA2 /* ViewModel.swift */; };
		CE5E497A28C7739400D23D9A /* RxCocoa in Frameworks */ = {isa = PBXBuildFile; productRef = CE5E497928C7739400D23D9A /* RxCocoa */; };
		CE5E497C28C7739400D23D9A /* RxSwift in Frameworks */ = {isa = PBXBuildFile; productRef = CE5E497B28C7739400D23D9A /* RxSwift */; };
		CEDF8B0928C71A7B00C78D19 /* AppDelegate.swift in Sources */ = {isa = PBXBuildFile; fileRef = CEDF8B0828C71A7B00C78D19 /* AppDelegate.swift */; };
		CEDF8B0B28C71A7B00C78D19 /* SceneDelegate.swift in Sources */ = {isa = PBXBuildFile; fileRef = CEDF8B0A28C71A7B00C78D19 /* SceneDelegate.swift */; };
		CEDF8B0D28C71A7B00C78D19 /* ViewController.swift in Sources */ = {isa = PBXBuildFile; fileRef = CEDF8B0C28C71A7B00C78D19 /* ViewController.swift */; };
		CEDF8B1028C71A7B00C78D19 /* Main.storyboard in Resources */ = {isa = PBXBuildFile; fileRef = CEDF8B0E28C71A7B00C78D19 /* Main.storyboard */; };
		CEDF8B1228C71A7D00C78D19 /* Assets.xcassets in Resources */ = {isa = PBXBuildFile; fileRef = CEDF8B1128C71A7D00C78D19 /* Assets.xcassets */; };
		CEDF8B1528C71A7D00C78D19 /* LaunchScreen.storyboard in Resources */ = {isa = PBXBuildFile; fileRef = CEDF8B1328C71A7D00C78D19 /* LaunchScreen.storyboard */; };
/* End PBXBuildFile section */

/* Begin PBXFileReference section */
		CE0D6D1B28C7328F00DBCAA2 /* ViewModel.swift */ = {isa = PBXFileReference; lastKnownFileType = sourcecode.swift; path = ViewModel.swift; sourceTree = "<group>"; };
		CEDF8B0528C71A7B00C78D19 /* RxSwift-Example.app */ = {isa = PBXFileReference; explicitFileType = wrapper.application; includeInIndex = 0; path = "RxSwift-Example.app"; sourceTree = BUILT_PRODUCTS_DIR; };
		CEDF8B0828C71A7B00C78D19 /* AppDelegate.swift */ = {isa = PBXFileReference; lastKnownFileType = sourcecode.swift; path = AppDelegate.swift; sourceTree = "<group>"; };
		CEDF8B0A28C71A7B00C78D19 /* SceneDelegate.swift */ = {isa = PBXFileReference; lastKnownFileType = sourcecode.swift; path = SceneDelegate.swift; sourceTree = "<group>"; };
		CEDF8B0C28C71A7B00C78D19 /* ViewController.swift */ = {isa = PBXFileReference; lastKnownFileType = sourcecode.swift; path = ViewController.swift; sourceTree = "<group>"; };
		CEDF8B0F28C71A7B00C78D19 /* Base */ = {isa = PBXFileReference; lastKnownFileType = file.storyboard; name = Base; path = Base.lproj/Main.storyboard; sourceTree = "<group>"; };
		CEDF8B1128C71A7D00C78D19 /* Assets.xcassets */ = {isa = PBXFileReference; lastKnownFileType = folder.assetcatalog; path = Assets.xcassets; sourceTree = "<group>"; };
		CEDF8B1428C71A7D00C78D19 /* Base */ = {isa = PBXFileReference; lastKnownFileType = file.storyboard; name = Base; path = Base.lproj/LaunchScreen.storyboard; sourceTree = "<group>"; };
		CEDF8B1628C71A7D00C78D19 /* Info.plist */ = {isa = PBXFileReference; lastKnownFileType = text.plist.xml; path = Info.plist; sourceTree = "<group>"; };
/* End PBXFileReference section */

/* Begin PBXFrameworksBuildPhase section */
		CEDF8B0228C71A7B00C78D19 /* Frameworks */ = {
			isa = PBXFrameworksBuildPhase;
			buildActionMask = 2147483647;
			files = (
				CE5E497C28C7739400D23D9A /* RxSwift in Frameworks */,
				CE5E497A28C7739400D23D9A /* RxCocoa in Frameworks */,
			);
			runOnlyForDeploymentPostprocessing = 0;
		};
/* End PBXFrameworksBuildPhase section */

/* Begin PBXGroup section */
		CEDF8AFC28C71A7B00C78D19 = {
			isa = PBXGroup;
			children = (
				CEDF8B0728C71A7B00C78D19 /* RxSwift-Example */,
				CEDF8B0628C71A7B00C78D19 /* Products */,
			);
			sourceTree = "<group>";
		};
		CEDF8B0628C71A7B00C78D19 /* Products */ = {
			isa = PBXGroup;
			children = (
				CEDF8B0528C71A7B00C78D19 /* RxSwift-Example.app */,
			);
			name = Products;
			sourceTree = "<group>";
		};
		CEDF8B0728C71A7B00C78D19 /* RxSwift-Example */ = {
			isa = PBXGroup;
			children = (
				CEDF8B0828C71A7B00C78D19 /* AppDelegate.swift */,
				CEDF8B0A28C71A7B00C78D19 /* SceneDelegate.swift */,
				CEDF8B0C28C71A7B00C78D19 /* ViewController.swift */,
				CEDF8B0E28C71A7B00C78D19 /* Main.storyboard */,
				CEDF8B1128C71A7D00C78D19 /* Assets.xcassets */,
				CEDF8B1328C71A7D00C78D19 /* LaunchScreen.storyboard */,
				CEDF8B1628C71A7D00C78D19 /* Info.plist */,
				CE0D6D1B28C7328F00DBCAA2 /* ViewModel.swift */,
			);
			path = "RxSwift-Example";
			sourceTree = "<group>";
		};
/* End PBXGroup section */

/* Begin PBXNativeTarget section */
		CEDF8B0428C71A7B00C78D19 /* RxSwift-Example */ = {
			isa = PBXNativeTarget;
			buildConfigurationList = CEDF8B1928C71A7D00C78D19 /* Build configuration list for PBXNativeTarget "RxSwift-Example" */;
			buildPhases = (
				CEDF8B0128C71A7B00C78D19 /* Sources */,
				CEDF8B0228C71A7B00C78D19 /* Frameworks */,
				CEDF8B0328C71A7B00C78D19 /* Resources */,
			);
			buildRules = (
			);
			dependencies = (
			);
			name = "RxSwift-Example";
			packageProductDependencies = (
				CE5E497928C7739400D23D9A /* RxCocoa */,
				CE5E497B28C7739400D23D9A /* RxSwift */,
			);
			productName = "RxSwift-Example";
			productReference = CEDF8B0528C71A7B00C78D19 /* RxSwift-Example.app */;
			productType = "com.apple.product-type.application";
		};
/* End PBXNativeTarget section */

/* Begin PBXProject section */
		CEDF8AFD28C71A7B00C78D19 /* Project object */ = {
			isa = PBXProject;
			attributes = {
				BuildIndependentTargetsInParallel = 1;
				LastSwiftUpdateCheck = 1340;
				LastUpgradeCheck = 1340;
				TargetAttributes = {
					CEDF8B0428C71A7B00C78D19 = {
						CreatedOnToolsVersion = 13.4.1;
					};
				};
			};
			buildConfigurationList = CEDF8B0028C71A7B00C78D19 /* Build configuration list for PBXProject "RxSwift-Example" */;
			compatibilityVersion = "Xcode 13.0";
			developmentRegion = en;
			hasScannedForEncodings = 0;
			knownRegions = (
				en,
				Base,
			);
			mainGroup = CEDF8AFC28C71A7B00C78D19;
			packageReferences = (
				CE5E497828C7739400D23D9A /* XCRemoteSwiftPackageReference "RxSwift" */,
			);
			productRefGroup = CEDF8B0628C71A7B00C78D19 /* Products */;
			projectDirPath = "";
			projectRoot = "";
			targets = (
				CEDF8B0428C71A7B00C78D19 /* RxSwift-Example */,
			);
		};
/* End PBXProject section */

/* Begin PBXResourcesBuildPhase section */
		CEDF8B0328C71A7B00C78D19 /* Resources */ = {
			isa = PBXResourcesBuildPhase;
			buildActionMask = 2147483647;
			files = (
				CEDF8B1528C71A7D00C78D19 /* LaunchScreen.storyboard in Resources */,
				CEDF8B1228C71A7D00C78D19 /* Assets.xcassets in Resources */,
				CEDF8B1028C71A7B00C78D19 /* Main.storyboard in Resources */,
			);
			runOnlyForDeploymentPostprocessing = 0;
		};
/* End PBXResourcesBuildPhase section */

/* Begin PBXSourcesBuildPhase section */
		CEDF8B0128C71A7B00C78D19 /* Sources */ = {
			isa = PBXSourcesBuildPhase;
			buildActionMask = 2147483647;
			files = (
				CEDF8B0D28C71A7B00C78D19 /* ViewController.swift in Sources */,
				CEDF8B0928C71A7B00C78D19 /* AppDelegate.swift in Sources */,
				CE0D6D1C28C7328F00DBCAA2 /* ViewModel.swift in Sources */,
				CEDF8B0B28C71A7B00C78D19 /* SceneDelegate.swift in Sources */,
			);
			runOnlyForDeploymentPostprocessing = 0;
		};
/* End PBXSourcesBuildPhase section */

/* Begin PBXVariantGroup section */
		CEDF8B0E28C71A7B00C78D19 /* Main.storyboard */ = {
			isa = PBXVariantGroup;
			children = (
				CEDF8B0F28C71A7B00C78D19 /* Base */,
			);
			name = Main.storyboard;
			sourceTree = "<group>";
		};
		CEDF8B1328C71A7D00C78D19 /* LaunchScreen.storyboard */ = {
			isa = PBXVariantGroup;
			children = (
				CEDF8B1428C71A7D00C78D19 /* Base */,
			);
			name = LaunchScreen.storyboard;
			sourceTree = "<group>";
		};
/* End PBXVariantGroup section */

/* Begin XCBuildConfiguration section */
		CEDF8B1728C71A7D00C78D19 /* Debug */ = {
			isa = XCBuildConfiguration;
			buildSettings = {
				ALWAYS_SEARCH_USER_PATHS = NO;
				CLANG_ANALYZER_NONNULL = YES;
				CLANG_ANALYZER_NUMBER_OBJECT_CONVERSION = YES_AGGRESSIVE;
				CLANG_CXX_LANGUAGE_STANDARD = "gnu++17";
				CLANG_ENABLE_MODULES = YES;
				CLANG_ENABLE_OBJC_ARC = YES;
				CLANG_ENABLE_OBJC_WEAK = YES;
				CLANG_WARN_BLOCK_CAPTURE_AUTORELEASING = YES;
				CLANG_WARN_BOOL_CONVERSION = YES;
				CLANG_WARN_COMMA = YES;
				CLANG_WARN_CONSTANT_CONVERSION = YES;
				CLANG_WARN_DEPRECATED_OBJC_IMPLEMENTATIONS = YES;
				CLANG_WARN_DIRECT_OBJC_ISA_USAGE = YES_ERROR;
				CLANG_WARN_DOCUMENTATION_COMMENTS = YES;
				CLANG_WARN_EMPTY_BODY = YES;
				CLANG_WARN_ENUM_CONVERSION = YES;
				CLANG_WARN_INFINITE_RECURSION = YES;
				CLANG_WARN_INT_CONVERSION = YES;
				CLANG_WARN_NON_LITERAL_NULL_CONVERSION = YES;
				CLANG_WARN_OBJC_IMPLICIT_RETAIN_SELF = YES;
				CLANG_WARN_OBJC_LITERAL_CONVERSION = YES;
				CLANG_WARN_OBJC_ROOT_CLASS = YES_ERROR;
				CLANG_WARN_QUOTED_INCLUDE_IN_FRAMEWORK_HEADER = YES;
				CLANG_WARN_RANGE_LOOP_ANALYSIS = YES;
				CLANG_WARN_STRICT_PROTOTYPES = YES;
				CLANG_WARN_SUSPICIOUS_MOVE = YES;
				CLANG_WARN_UNGUARDED_AVAILABILITY = YES_AGGRESSIVE;
				CLANG_WARN_UNREACHABLE_CODE = YES;
				CLANG_WARN__DUPLICATE_METHOD_MATCH = YES;
				COPY_PHASE_STRIP = NO;
				DEBUG_INFORMATION_FORMAT = dwarf;
				ENABLE_STRICT_OBJC_MSGSEND = YES;
				ENABLE_TESTABILITY = YES;
				GCC_C_LANGUAGE_STANDARD = gnu11;
				GCC_DYNAMIC_NO_PIC = NO;
				GCC_NO_COMMON_BLOCKS = YES;
				GCC_OPTIMIZATION_LEVEL = 0;
				GCC_PREPROCESSOR_DEFINITIONS = (
					"DEBUG=1",
					"$(inherited)",
				);
				GCC_WARN_64_TO_32_BIT_CONVERSION = YES;
				GCC_WARN_ABOUT_RETURN_TYPE = YES_ERROR;
				GCC_WARN_UNDECLARED_SELECTOR = YES;
				GCC_WARN_UNINITIALIZED_AUTOS = YES_AGGRESSIVE;
				GCC_WARN_UNUSED_FUNCTION = YES;
				GCC_WARN_UNUSED_VARIABLE = YES;
				IPHONEOS_DEPLOYMENT_TARGET = 15.5;
				MTL_ENABLE_DEBUG_INFO = INCLUDE_SOURCE;
				MTL_FAST_MATH = YES;
				ONLY_ACTIVE_ARCH = YES;
				SDKROOT = iphoneos;
				SWIFT_ACTIVE_COMPILATION_CONDITIONS = DEBUG;
				SWIFT_OPTIMIZATION_LEVEL = "-Onone";
			};
			name = Debug;
		};
		CEDF8B1828C71A7D00C78D19 /* Release */ = {
			isa = XCBuildConfiguration;
			buildSettings = {
				ALWAYS_SEARCH_USER_PATHS = NO;
				CLANG_ANALYZER_NONNULL = YES;
				CLANG_ANALYZER_NUMBER_OBJECT_CONVERSION = YES_AGGRESSIVE;
				CLANG_CXX_LANGUAGE_STANDARD = "gnu++17";
				CLANG_ENABLE_MODULES = YES;
				CLANG_ENABLE_OBJC_ARC = YES;
				CLANG_ENABLE_OBJC_WEAK = YES;
				CLANG_WARN_BLOCK_CAPTURE_AUTORELEASING = YES;
				CLANG_WARN_BOOL_CONVERSION = YES;
				CLANG_WARN_COMMA = YES;
				CLANG_WARN_CONSTANT_CONVERSION = YES;
				CLANG_WARN_DEPRECATED_OBJC_IMPLEMENTATIONS = YES;
				CLANG_WARN_DIRECT_OBJC_ISA_USAGE = YES_ERROR;
				CLANG_WARN_DOCUMENTATION_COMMENTS = YES;
				CLANG_WARN_EMPTY_BODY = YES;
				CLANG_WARN_ENUM_CONVERSION = YES;
				CLANG_WARN_INFINITE_RECURSION = YES;
				CLANG_WARN_INT_CONVERSION = YES;
				CLANG_WARN_NON_LITERAL_NULL_CONVERSION = YES;
				CLANG_WARN_OBJC_IMPLICIT_RETAIN_SELF = YES;
				CLANG_WARN_OBJC_LITERAL_CONVERSION = YES;
				CLANG_WARN_OBJC_ROOT_CLASS = YES_ERROR;
				CLANG_WARN_QUOTED_INCLUDE_IN_FRAMEWORK_HEADER = YES;
				CLANG_WARN_RANGE_LOOP_ANALYSIS = YES;
				CLANG_WARN_STRICT_PROTOTYPES = YES;
				CLANG_WARN_SUSPICIOUS_MOVE = YES;
				CLANG_WARN_UNGUARDED_AVAILABILITY = YES_AGGRESSIVE;
				CLANG_WARN_UNREACHABLE_CODE = YES;
				CLANG_WARN__DUPLICATE_METHOD_MATCH = YES;
				COPY_PHASE_STRIP = NO;
				DEBUG_INFORMATION_FORMAT = "dwarf-with-dsym";
				ENABLE_NS_ASSERTIONS = NO;
				ENABLE_STRICT_OBJC_MSGSEND = YES;
				GCC_C_LANGUAGE_STANDARD = gnu11;
				GCC_NO_COMMON_BLOCKS = YES;
				GCC_WARN_64_TO_32_BIT_CONVERSION = YES;
				GCC_WARN_ABOUT_RETURN_TYPE = YES_ERROR;
				GCC_WARN_UNDECLARED_SELECTOR = YES;
				GCC_WARN_UNINITIALIZED_AUTOS = YES_AGGRESSIVE;
				GCC_WARN_UNUSED_FUNCTION = YES;
				GCC_WARN_UNUSED_VARIABLE = YES;
				IPHONEOS_DEPLOYMENT_TARGET = 15.5;
				MTL_ENABLE_DEBUG_INFO = NO;
				MTL_FAST_MATH = YES;
				SDKROOT = iphoneos;
				SWIFT_COMPILATION_MODE = wholemodule;
				SWIFT_OPTIMIZATION_LEVEL = "-O";
				VALIDATE_PRODUCT = YES;
			};
			name = Release;
		};
		CEDF8B1A28C71A7D00C78D19 /* Debug */ = {
			isa = XCBuildConfiguration;
			buildSettings = {
				ASSETCATALOG_COMPILER_APPICON_NAME = AppIcon;
				ASSETCATALOG_COMPILER_GLOBAL_ACCENT_COLOR_NAME = AccentColor;
				CODE_SIGN_STYLE = Automatic;
				CURRENT_PROJECT_VERSION = 1;
				DEVELOPMENT_TEAM = 744MUUC77P;
				GENERATE_INFOPLIST_FILE = YES;
				INFOPLIST_FILE = "RxSwift-Example/Info.plist";
				INFOPLIST_KEY_UIApplicationSupportsIndirectInputEvents = YES;
				INFOPLIST_KEY_UILaunchStoryboardName = LaunchScreen;
				INFOPLIST_KEY_UIMainStoryboardFile = Main;
				INFOPLIST_KEY_UISupportedInterfaceOrientations_iPad = "UIInterfaceOrientationPortrait UIInterfaceOrientationPortraitUpsideDown UIInterfaceOrientationLandscapeLeft UIInterfaceOrientationLandscapeRight";
				INFOPLIST_KEY_UISupportedInterfaceOrientations_iPhone = "UIInterfaceOrientationPortrait UIInterfaceOrientationLandscapeLeft UIInterfaceOrientationLandscapeRight";
				LD_RUNPATH_SEARCH_PATHS = (
					"$(inherited)",
					"@executable_path/Frameworks",
				);
				MARKETING_VERSION = 1.0;
				PRODUCT_BUNDLE_IDENTIFIER = "com.anjian.RxSwift-Example";
				PRODUCT_NAME = "$(TARGET_NAME)";
				SWIFT_EMIT_LOC_STRINGS = YES;
				SWIFT_VERSION = 5.0;
				TARGETED_DEVICE_FAMILY = "1,2";
			};
			name = Debug;
		};
		CEDF8B1B28C71A7D00C78D19 /* Release */ = {
			isa = XCBuildConfiguration;
			buildSettings = {
				ASSETCATALOG_COMPILER_APPICON_NAME = AppIcon;
				ASSETCATALOG_COMPILER_GLOBAL_ACCENT_COLOR_NAME = AccentColor;
				CODE_SIGN_STYLE = Automatic;
				CURRENT_PROJECT_VERSION = 1;
				DEVELOPMENT_TEAM = 744MUUC77P;
				GENERATE_INFOPLIST_FILE = YES;
				INFOPLIST_FILE = "RxSwift-Example/Info.plist";
				INFOPLIST_KEY_UIApplicationSupportsIndirectInputEvents = YES;
				INFOPLIST_KEY_UILaunchStoryboardName = LaunchScreen;
				INFOPLIST_KEY_UIMainStoryboardFile = Main;
				INFOPLIST_KEY_UISupportedInterfaceOrientations_iPad = "UIInterfaceOrientationPortrait UIInterfaceOrientationPortraitUpsideDown UIInterfaceOrientationLandscapeLeft UIInterfaceOrientationLandscapeRight";
				INFOPLIST_KEY_UISupportedInterfaceOrientations_iPhone = "UIInterfaceOrientationPortrait UIInterfaceOrientationLandscapeLeft UIInterfaceOrientationLandscapeRight";
				LD_RUNPATH_SEARCH_PATHS = (
					"$(inherited)",
					"@executable_path/Frameworks",
				);
				MARKETING_VERSION = 1.0;
				PRODUCT_BUNDLE_IDENTIFIER = "com.anjian.RxSwift-Example";
				PRODUCT_NAME = "$(TARGET_NAME)";
				SWIFT_EMIT_LOC_STRINGS = YES;
				SWIFT_VERSION = 5.0;
				TARGETED_DEVICE_FAMILY = "1,2";
			};
			name = Release;
		};
/* End XCBuildConfiguration section */

/* Begin XCConfigurationList section */
		CEDF8B0028C71A7B00C78D19 /* Build configuration list for PBXProject "RxSwift-Example" */ = {
			isa = XCConfigurationList;
			buildConfigurations = (
				CEDF8B1728C71A7D00C78D19 /* Debug */,
				CEDF8B1828C71A7D00C78D19 /* Release */,
			);
			defaultConfigurationIsVisible = 0;
			defaultConfigurationName = Release;
		};
		CEDF8B1928C71A7D00C78D19 /* Build configuration list for PBXNativeTarget "RxSwift-Example" */ = {
			isa = XCConfigurationList;
			buildConfigurations = (
				CEDF8B1A28C71A7D00C78D19 /* Debug */,
				CEDF8B1B28C71A7D00C78D19 /* Release */,
			);
			defaultConfigurationIsVisible = 0;
			defaultConfigurationName = Release;
		};
/* End XCConfigurationList section */

/* Begin XCRemoteSwiftPackageReference section */
		CE5E497828C7739400D23D9A /* XCRemoteSwiftPackageReference "RxSwift" */ = {
			isa = XCRemoteSwiftPackageReference;
			repositoryURL = "https://github.com/ReactiveX/RxSwift.git";
			requirement = {
				kind = exactVersion;
				version = 6.5.0;
			};
		};
/* End XCRemoteSwiftPackageReference section */

/* Begin XCSwiftPackageProductDependency section */
		CE5E497928C7739400D23D9A /* RxCocoa */ = {
			isa = XCSwiftPackageProductDependency;
			package = CE5E497828C7739400D23D9A /* XCRemoteSwiftPackageReference "RxSwift" */;
			productName = RxCocoa;
		};
		CE5E497B28C7739400D23D9A /* RxSwift */ = {
			isa = XCSwiftPackageProductDependency;
			package = CE5E497828C7739400D23D9A /* XCRemoteSwiftPackageReference "RxSwift" */;
			productName = RxSwift;
		};
/* End XCSwiftPackageProductDependency section */
	};
	rootObject = CEDF8AFD28C71A7B00C78D19 /* Project object */;
}
